
Microsoft Visual Studio Solution File, Format Version 12.00
# Visual Studio Version 16
VisualStudioVersion = 16.0.29709.97
MinimumVisualStudioVersion = 10.0.40219.1
Project("{FAE04EC0-301F-11D3-BF4B-00C04F79EFBC}") = "ProductDB", "ProductDB\ProductDB.csproj", "{2316FB4C-9FEF-4F9C-AD09-D7F87B2EA2A3}"
EndProject
Global
	GlobalSection(SolutionConfigurationPlatforms) = preSolution
		Debug|Any CPU = Debug|Any CPU
		Release|Any CPU = Release|Any CPU
	EndGlobalSection
	GlobalSection(ProjectConfigurationPlatforms) = postSolution
		{2316FB4C-9FEF-4F9C-AD09-D7F87B2EA2A3}.Debug|Any CPU.ActiveCfg = Debug|Any CPU
		{2316FB4C-9FEF-4F9C-AD09-D7F87B2EA2A3}.Debug|Any CPU.Build.0 = Debug|Any CPU
		{2316FB4C-9FEF-4F9C-AD09-D7F87B2EA2A3}.Release|Any CPU.ActiveCfg = Release|Any CPU
		{2316FB4C-9FEF-4F9C-AD09-D7F87B2EA2A3}.Release|Any CPU.Build.0 = Release|Any CPU
	EndGlobalSection
	GlobalSection(SolutionProperties) = preSolution
		HideSolutionNode = FALSE
	EndGlobalSection
	GlobalSection(ExtensibilityGlobals) = postSolution
		SolutionGuid = {602D46D1-0E33-456B-BDEA-A9E16644BCEA}
	EndGlobalSection
EndGlobal
